Microsoft Visual Studio Solution File, Format Version 12.00
# Visual Studio Version 17
VisualStudioVersion = 17.5.2.0
MinimumVisualStudioVersion = 10.0.40219.1
Project("{2150E333-8FDC-42A3-9474-1A3956D46DE8}") = ".minimax", ".minimax", "{D2DE2851-07B7-AE04-EEAB-9861324305B7}"
EndProject
Project("{2150E333-8FDC-42A3-9474-1A3956D46DE8}") = "skills", "skills", "{2C92A4B1-5B46-AFC2-A4D3-58D55AF49C86}"
EndProject
Project("{2150E333-8FDC-42A3-9474-1A3956D46DE8}") = "minimax-docx", "minimax-docx", "{0A0A7085-6650-8519-D9C1-1B3B70EE7226}"
EndProject
Project("{2150E333-8FDC-42A3-9474-1A3956D46DE8}") = "src", "src", "{98751EFA-0ABB-62AE-C643-E58B84E367D9}"
EndProject
Project("{FAE04EC0-301F-11D3-BF4B-00C04F79EFBC}") = "DocForge", ".minimax\skills\minimax-docx\src\DocForge.csproj", "{3F17B208-F6AD-D950-D47E-16E281F58BFD}"
EndProject
Global
	GlobalSection(SolutionConfigurationPlatforms) = preSolution
		Debug|Any CPU = Debug|Any CPU
		Release|Any CPU = Release|Any CPU
	EndGlobalSection
	GlobalSection(ProjectConfigurationPlatforms) = postSolution
		{3F17B208-F6AD-D950-D47E-16E281F58BFD}.Debug|Any CPU.ActiveCfg = Debug|Any CPU
		{3F17B208-F6AD-D950-D47E-16E281F58BFD}.Debug|Any CPU.Build.0 = Debug|Any CPU
		{3F17B208-F6AD-D950-D47E-16E281F58BFD}.Release|Any CPU.ActiveCfg = Release|Any CPU
		{3F17B208-F6AD-D950-D47E-16E281F58BFD}.Release|Any CPU.Build.0 = Release|Any CPU
	EndGlobalSection
	GlobalSection(SolutionProperties) = preSolution
		HideSolutionNode = FALSE
	EndGlobalSection
	GlobalSection(NestedProjects) = preSolution
		{2C92A4B1-5B46-AFC2-A4D3-58D55AF49C86} = {D2DE2851-07B7-AE04-EEAB-9861324305B7}
		{0A0A7085-6650-8519-D9C1-1B3B70EE7226} = {2C92A4B1-5B46-AFC2-A4D3-58D55AF49C86}
		{98751EFA-0ABB-62AE-C643-E58B84E367D9} = {0A0A7085-6650-8519-D9C1-1B3B70EE7226}
		{3F17B208-F6AD-D950-D47E-16E281F58BFD} = {98751EFA-0ABB-62AE-C643-E58B84E367D9}
	EndGlobalSection
	GlobalSection(ExtensibilityGlobals) = postSolution
		SolutionGuid = {CC1C4EF9-D4CF-4693-AC37-EBA878CE6CBE}
	EndGlobalSection
EndGlobal
